Microsoft Visual Studio Solution File, Format Version 12.00
# Visual Studio 15
VisualStudioVersion = 15.0.27130.2020
MinimumVisualStudioVersion = 10.0.40219.1
Project("{2150E333-8FDC-42A3-9474-1A3956D46DE8}") = "Web", "Web", "{CA6C0D19-378D-46C7-9E74-1083FFCE1812}"
EndProject
Project("{2150E333-8FDC-42A3-9474-1A3956D46DE8}") = "core", "core", "{36EAC733-F529-40B2-B859-E615B63AF419}"
EndProject
Project("{2150E333-8FDC-42A3-9474-1A3956D46DE8}") = "modules", "modules", "{826FEA8C-1E7A-4EFC-A28F-6416FDBFEC55}"
EndProject
Project("{2150E333-8FDC-42A3-9474-1A3956D46DE8}") = "products", "products", "{87F267EC-8868-4D6B-AAEA-5EF90794D124}"
EndProject
Project("{FAE04EC0-301F-11D3-BF4B-00C04F79EFBC}") = "ASC.Web.Studio", "web\studio\ASC.Web.Studio\ASC.Web.Studio.csproj", "{E7BE6CE8-F6B0-4B9B-831B-BA0C85C8D130}"
	ProjectSection(ProjectDependencies) = postProject
		{FE7E290C-9F36-41EF-A58D-5504C24CCD16} = {FE7E290C-9F36-41EF-A58D-5504C24CCD16}
		{3F6B420F-ABD3-4B5A-9F4C-5D61FFBB01DE} = {3F6B420F-ABD3-4B5A-9F4C-5D61FFBB01DE}
		{76DE7717-3D4B-4A5B-B740-15B8913DF0CB} = {76DE7717-3D4B-4A5B-B740-15B8913DF0CB}
		{205BE118-D0A5-4BFA-A261-E2C42119771F} = {205BE118-D0A5-4BFA-A261-E2C42119771F}
		{A51D0454-4AFA-46DE-89D4-B03D37E1816C} = {A51D0454-4AFA-46DE-89D4-B03D37E1816C}
		{02C40A64-FE22-41D0-9037-69F0D6F787A9} = {02C40A64-FE22-41D0-9037-69F0D6F787A9}
		{AA3B6B75-0EAA-499B-BE85-304DF28E6D31} = {AA3B6B75-0EAA-499B-BE85-304DF28E6D31}
	EndProjectSection
EndProject
Project("{FAE04EC0-301F-11D3-BF4B-00C04F79EFBC}") = "ASC.Web.Host", "web\host\ASC.Web.Host\ASC.Web.Host.csproj", "{021A6CE4-6B3A-4C65-AC92-8AD80C0F6EA5}"
EndProject
Project("{FAE04EC0-301F-11D3-BF4B-00C04F79EFBC}") = "ASC.Web.Controls", "web\controls\ASC.Web.Controls\ASC.Web.Controls.csproj", "{205BE118-D0A5-4BFA-A261-E2C42119771F}"
	ProjectSection(ProjectDependencies) = postProject
		{76DE7717-3D4B-4A5B-B740-15B8913DF0CB} = {76DE7717-3D4B-4A5B-B740-15B8913DF0CB}
		{A51D0454-4AFA-46DE-89D4-B03D37E1816C} = {A51D0454-4AFA-46DE-89D4-B03D37E1816C}
		{02C40A64-FE22-41D0-9037-69F0D6F787A9} = {02C40A64-FE22-41D0-9037-69F0D6F787A9}
		{AA3B6B75-0EAA-499B-BE85-304DF28E6D31} = {AA3B6B75-0EAA-499B-BE85-304DF28E6D31}
	EndProjectSection
EndProject
Project("{FAE04EC0-301F-11D3-BF4B-00C04F79EFBC}") = "ASC.Web.UserControls.Bookmarking", "web\controls\ASC.Web.UserControls.Bookmarking\ASC.Web.UserControls.Bookmarking.csproj", "{DB934E1C-458A-46F3-8B00-DFC2D3603D22}"
	ProjectSection(ProjectDependencies) = postProject
		{205BE118-D0A5-4BFA-A261-E2C42119771F} = {205BE118-D0A5-4BFA-A261-E2C42119771F}
		{43499DD0-160A-45D9-A936-F04D603B9F6D} = {43499DD0-160A-45D9-A936-F04D603B9F6D}
	EndProjectSection
EndProject
Project("{FAE04EC0-301F-11D3-BF4B-00C04F79EFBC}") = "ASC.Web.UserControls.Forum", "web\controls\ASC.Web.UserControls.Forum\ASC.Web.UserControls.Forum.csproj", "{49F9BEFC-4923-44C6-82EC-46ED61880683}"
	ProjectSection(ProjectDependencies) = postProject
		{205BE118-D0A5-4BFA-A261-E2C42119771F} = {205BE118-D0A5-4BFA-A261-E2C42119771F}
	EndProjectSection
EndProject
Project("{FAE04EC0-301F-11D3-BF4B-00C04F79EFBC}") = "ASC.Web.UserControls.Wiki", "web\controls\ASC.Web.UserControls.Wiki\ASC.Web.UserControls.Wiki.csproj", "{F89C7F62-57E2-4AFA-8347-85AB4C0F55E2}"
	ProjectSection(ProjectDependencies) = postProject
		{205BE118-D0A5-4BFA-A261-E2C42119771F} = {205BE118-D0A5-4BFA-A261-E2C42119771F}
	EndProjectSection
EndProject
Project("{FAE04EC0-301F-11D3-BF4B-00C04F79EFBC}") = "ASC.Common", "common\ASC.Common\ASC.Common.csproj", "{76DE7717-3D4B-4A5B-B740-15B8913DF0CB}"
EndProject
Project("{FAE04EC0-301F-11D3-BF4B-00C04F79EFBC}") = "ASC.Data.Backup", "common\ASC.Data.Backup\ASC.Data.Backup.csproj", "{FE7E290C-9F36-41EF-A58D-5504C24CCD16}"
	ProjectSection(ProjectDependencies) = postProject
		{76DE7717-3D4B-4A5B-B740-15B8913DF0CB} = {76DE7717-3D4B-4A5B-B740-15B8913DF0CB}
		{A51D0454-4AFA-46DE-89D4-B03D37E1816C} = {A51D0454-4AFA-46DE-89D4-B03D37E1816C}
	EndProjectSection
EndProject
Project("{FAE04EC0-301F-11D3-BF4B-00C04F79EFBC}") = "ASC.Data.Storage", "common\ASC.Data.Storage\ASC.Data.Storage.csproj", "{3F6B420F-ABD3-4B5A-9F4C-5D61FFBB01DE}"
	ProjectSection(ProjectDependencies) = postProject
		{76DE7717-3D4B-4A5B-B740-15B8913DF0CB} = {76DE7717-3D4B-4A5B-B740-15B8913DF0CB}
		{A51D0454-4AFA-46DE-89D4-B03D37E1816C} = {A51D0454-4AFA-46DE-89D4-B03D37E1816C}
	EndProjectSection
EndProject
Project("{FAE04EC0-301F-11D3-BF4B-00C04F79EFBC}") = "ASC.Bookmarking", "module\ASC.Bookmarking\ASC.Bookmarking.csproj", "{43499DD0-160A-45D9-A936-F04D603B9F6D}"
	ProjectSection(ProjectDependencies) = postProject
		{3F6B420F-ABD3-4B5A-9F4C-5D61FFBB01DE} = {3F6B420F-ABD3-4B5A-9F4C-5D61FFBB01DE}
		{76DE7717-3D4B-4A5B-B740-15B8913DF0CB} = {76DE7717-3D4B-4A5B-B740-15B8913DF0CB}
		{A51D0454-4AFA-46DE-89D4-B03D37E1816C} = {A51D0454-4AFA-46DE-89D4-B03D37E1816C}
		{AA3B6B75-0EAA-499B-BE85-304DF28E6D31} = {AA3B6B75-0EAA-499B-BE85-304DF28E6D31}
	EndProjectSection
EndProject
Project("{FAE04EC0-301F-11D3-BF4B-00C04F79EFBC}") = "ASC.FullTextIndex", "module\ASC.FullTextIndex\ASC.FullTextIndex\ASC.FullTextIndex.csproj", "{AA3B6B75-0EAA-499B-BE85-304DF28E6D31}"
	ProjectSection(ProjectDependencies) = postProject
		{76DE7717-3D4B-4A5B-B740-15B8913DF0CB} = {76DE7717-3D4B-4A5B-B740-15B8913DF0CB}
		{A51D0454-4AFA-46DE-89D4-B03D37E1816C} = {A51D0454-4AFA-46DE-89D4-B03D37E1816C}
	EndProjectSection
EndProject
Project("{FAE04EC0-301F-11D3-BF4B-00C04F79EFBC}") = "ASC.Xmpp.Common", "module\ASC.Jabber\ASC.Xmpp.Common\ASC.Xmpp.Common.csproj", "{56AB4EFB-6C66-43F0-B2E6-979C2C952D3C}"
	ProjectSection(ProjectDependencies) = postProject
		{91EA0D0B-D3BA-497F-AFEB-2CAD59DEBA0E} = {91EA0D0B-D3BA-497F-AFEB-2CAD59DEBA0E}
	EndProjectSection
EndProject
Project("{FAE04EC0-301F-11D3-BF4B-00C04F79EFBC}") = "ASC.Xmpp.Host", "module\ASC.Jabber\ASC.Xmpp.Host\ASC.Xmpp.Host.csproj", "{06087A08-31B8-4D0F-975D-F45B12AB7FA7}"
	ProjectSection(ProjectDependencies) = postProject
		{91EA0D0B-D3BA-497F-AFEB-2CAD59DEBA0E} = {91EA0D0B-D3BA-497F-AFEB-2CAD59DEBA0E}
		{76DE7717-3D4B-4A5B-B740-15B8913DF0CB} = {76DE7717-3D4B-4A5B-B740-15B8913DF0CB}
		{A51D0454-4AFA-46DE-89D4-B03D37E1816C} = {A51D0454-4AFA-46DE-89D4-B03D37E1816C}
	EndProjectSection
EndProject
Project("{FAE04EC0-301F-11D3-BF4B-00C04F79EFBC}") = "ASC.Xmpp.Server", "module\ASC.Jabber\ASC.Xmpp.Server\ASC.Xmpp.Server.csproj", "{3BE01581-4ECA-4104-8306-F16652330FEA}"
	ProjectSection(ProjectDependencies) = postProject
		{91EA0D0B-D3BA-497F-AFEB-2CAD59DEBA0E} = {91EA0D0B-D3BA-497F-AFEB-2CAD59DEBA0E}
		{56AB4EFB-6C66-43F0-B2E6-979C2C952D3C} = {56AB4EFB-6C66-43F0-B2E6-979C2C952D3C}
	EndProjectSection
EndProject
Project("{FAE04EC0-301F-11D3-BF4B-00C04F79EFBC}") = "ASC.Projects.Core", "module\ASC.Projects\ASC.Projects.Core\ASC.Projects.Core.csproj", "{98330417-CF62-4624-94DC-271433945E27}"
	ProjectSection(ProjectDependencies) = postProject
		{3F6B420F-ABD3-4B5A-9F4C-5D61FFBB01DE} = {3F6B420F-ABD3-4B5A-9F4C-5D61FFBB01DE}
		{76DE7717-3D4B-4A5B-B740-15B8913DF0CB} = {76DE7717-3D4B-4A5B-B740-15B8913DF0CB}
		{A51D0454-4AFA-46DE-89D4-B03D37E1816C} = {A51D0454-4AFA-46DE-89D4-B03D37E1816C}
		{AA3B6B75-0EAA-499B-BE85-304DF28E6D31} = {AA3B6B75-0EAA-499B-BE85-304DF28E6D31}
	EndProjectSection
EndProject
Project("{FAE04EC0-301F-11D3-BF4B-00C04F79EFBC}") = "ASC.Projects.Data", "module\ASC.Projects\ASC.Projects.Data\ASC.Projects.Data.csproj", "{10A65F6E-7C34-4EB7-BB9C-C3CC27D979E8}"
	ProjectSection(ProjectDependencies) = postProject
		{98330417-CF62-4624-94DC-271433945E27} = {98330417-CF62-4624-94DC-271433945E27}
	EndProjectSection
EndProject
Project("{FAE04EC0-301F-11D3-BF4B-00C04F79EFBC}") = "ASC.Projects.Engine", "module\ASC.Projects\ASC.Projects.Engine\ASC.Projects.Engine.csproj", "{64C8B39D-5DCD-4EEB-A5DD-BFE7CA24FA6A}"
	ProjectSection(ProjectDependencies) = postProject
		{98330417-CF62-4624-94DC-271433945E27} = {98330417-CF62-4624-94DC-271433945E27}
		{10A65F6E-7C34-4EB7-BB9C-C3CC27D979E8} = {10A65F6E-7C34-4EB7-BB9C-C3CC27D979E8}
	EndProjectSection
EndProject
Project("{FAE04EC0-301F-11D3-BF4B-00C04F79EFBC}") = "ASC.Blogs.Core", "module\Blogs\ASC.Blogs.Core\ASC.Blogs.Core.csproj", "{547A1BEC-5985-4DF9-A1A0-6AC608574524}"
	ProjectSection(ProjectDependencies) = postProject
		{3F6B420F-ABD3-4B5A-9F4C-5D61FFBB01DE} = {3F6B420F-ABD3-4B5A-9F4C-5D61FFBB01DE}
		{76DE7717-3D4B-4A5B-B740-15B8913DF0CB} = {76DE7717-3D4B-4A5B-B740-15B8913DF0CB}
		{A51D0454-4AFA-46DE-89D4-B03D37E1816C} = {A51D0454-4AFA-46DE-89D4-B03D37E1816C}
		{AA3B6B75-0EAA-499B-BE85-304DF28E6D31} = {AA3B6B75-0EAA-499B-BE85-304DF28E6D31}
	EndProjectSection
EndProject
Project("{FAE04EC0-301F-11D3-BF4B-00C04F79EFBC}") = "ASC.Forum", "module\Forum\ASC.Forum\ASC.Forum.csproj", "{7DB9C90C-FE62-49C1-ABE7-5F8021824916}"
	ProjectSection(ProjectDependencies) = postProject
		{3F6B420F-ABD3-4B5A-9F4C-5D61FFBB01DE} = {3F6B420F-ABD3-4B5A-9F4C-5D61FFBB01DE}
		{76DE7717-3D4B-4A5B-B740-15B8913DF0CB} = {76DE7717-3D4B-4A5B-B740-15B8913DF0CB}
		{A51D0454-4AFA-46DE-89D4-B03D37E1816C} = {A51D0454-4AFA-46DE-89D4-B03D37E1816C}
		{AA3B6B75-0EAA-499B-BE85-304DF28E6D31} = {AA3B6B75-0EAA-499B-BE85-304DF28E6D31}
	EndProjectSection
EndProject
Project("{FAE04EC0-301F-11D3-BF4B-00C04F79EFBC}") = "ASC.PhotoManager", "module\PhotoManager\ASC.PhotoManager.csproj", "{33412B0D-5451-4A03-9939-8462D13C545B}"
	ProjectSection(ProjectDependencies) = postProject
		{3F6B420F-ABD3-4B5A-9F4C-5D61FFBB01DE} = {3F6B420F-ABD3-4B5A-9F4C-5D61FFBB01DE}
		{76DE7717-3D4B-4A5B-B740-15B8913DF0CB} = {76DE7717-3D4B-4A5B-B740-15B8913DF0CB}
		{A51D0454-4AFA-46DE-89D4-B03D37E1816C} = {A51D0454-4AFA-46DE-89D4-B03D37E1816C}
		{AA3B6B75-0EAA-499B-BE85-304DF28E6D31} = {AA3B6B75-0EAA-499B-BE85-304DF28E6D31}
	EndProjectSection
EndProject
Project("{FAE04EC0-301F-11D3-BF4B-00C04F79EFBC}") = "ASC.Web.Community", "web\studio\ASC.Web.Studio\Products\Community\ASC.Web.Community.csproj", "{11BA9805-752F-4F6F-A876-6BA56F0EB9DE}"
	ProjectSection(ProjectDependencies) = postProject
		{3F6B420F-ABD3-4B5A-9F4C-5D61FFBB01DE} = {3F6B420F-ABD3-4B5A-9F4C-5D61FFBB01DE}
		{76DE7717-3D4B-4A5B-B740-15B8913DF0CB} = {76DE7717-3D4B-4A5B-B740-15B8913DF0CB}
		{205BE118-D0A5-4BFA-A261-E2C42119771F} = {205BE118-D0A5-4BFA-A261-E2C42119771F}
		{A51D0454-4AFA-46DE-89D4-B03D37E1816C} = {A51D0454-4AFA-46DE-89D4-B03D37E1816C}
		{02C40A64-FE22-41D0-9037-69F0D6F787A9} = {02C40A64-FE22-41D0-9037-69F0D6F787A9}
		{AA3B6B75-0EAA-499B-BE85-304DF28E6D31} = {AA3B6B75-0EAA-499B-BE85-304DF28E6D31}
		{E7BE6CE8-F6B0-4B9B-831B-BA0C85C8D130} = {E7BE6CE8-F6B0-4B9B-831B-BA0C85C8D130}
	EndProjectSection
EndProject
Project("{FAE04EC0-301F-11D3-BF4B-00C04F79EFBC}") = "ASC.Web.Community.Blogs", "web\studio\ASC.Web.Studio\Products\Community\Modules\Blogs\ASC.Web.Community.Blogs.csproj", "{76E19A86-2240-4DD9-AB5A-37F5D617EF28}"
	ProjectSection(ProjectDependencies) = postProject
		{11BA9805-752F-4F6F-A876-6BA56F0EB9DE} = {11BA9805-752F-4F6F-A876-6BA56F0EB9DE}
		{547A1BEC-5985-4DF9-A1A0-6AC608574524} = {547A1BEC-5985-4DF9-A1A0-6AC608574524}
	EndProjectSection
EndProject
Project("{FAE04EC0-301F-11D3-BF4B-00C04F79EFBC}") = "ASC.Web.Community.Bookmarking", "web\studio\ASC.Web.Studio\Products\Community\Modules\Bookmarking\ASC.Web.Community.Bookmarking.csproj", "{97473091-FE47-4293-921A-3D4CC596D2F5}"
	ProjectSection(ProjectDependencies) = postProject
		{11BA9805-752F-4F6F-A876-6BA56F0EB9DE} = {11BA9805-752F-4F6F-A876-6BA56F0EB9DE}
		{205BE118-D0A5-4BFA-A261-E2C42119771F} = {205BE118-D0A5-4BFA-A261-E2C42119771F}
		{DB934E1C-458A-46F3-8B00-DFC2D3603D22} = {DB934E1C-458A-46F3-8B00-DFC2D3603D22}
		{43499DD0-160A-45D9-A936-F04D603B9F6D} = {43499DD0-160A-45D9-A936-F04D603B9F6D}
	EndProjectSection
EndProject
Project("{FAE04EC0-301F-11D3-BF4B-00C04F79EFBC}") = "ASC.Web.Community.Forum", "web\studio\ASC.Web.Studio\Products\Community\Modules\Forum\ASC.Web.Community.Forum.csproj", "{AC68A6F4-6153-42D0-B51C-1ED14698C3A6}"
	ProjectSection(ProjectDependencies) = postProject
		{11BA9805-752F-4F6F-A876-6BA56F0EB9DE} = {11BA9805-752F-4F6F-A876-6BA56F0EB9DE}
		{7DB9C90C-FE62-49C1-ABE7-5F8021824916} = {7DB9C90C-FE62-49C1-ABE7-5F8021824916}
		{49F9BEFC-4923-44C6-82EC-46ED61880683} = {49F9BEFC-4923-44C6-82EC-46ED61880683}
	EndProjectSection
EndProject
Project("{FAE04EC0-301F-11D3-BF4B-00C04F79EFBC}") = "ASC.Web.Community.News", "web\studio\ASC.Web.Studio\Products\Community\Modules\News\ASC.Web.Community.News.csproj", "{FB0EDA9C-5535-46A6-BD69-FFCDDDC2534D}"
	ProjectSection(ProjectDependencies) = postProject
		{11BA9805-752F-4F6F-A876-6BA56F0EB9DE} = {11BA9805-752F-4F6F-A876-6BA56F0EB9DE}
	EndProjectSection
EndProject
Project("{FAE04EC0-301F-11D3-BF4B-00C04F79EFBC}") = "ASC.Web.Community.PhotoManager", "web\studio\ASC.Web.Studio\Products\Community\Modules\PhotoManager\ASC.Web.Community.PhotoManager.csproj", "{30D6BD9A-B333-441B-943B-8C62D515FC4A}"
	ProjectSection(ProjectDependencies) = postProject
		{11BA9805-752F-4F6F-A876-6BA56F0EB9DE} = {11BA9805-752F-4F6F-A876-6BA56F0EB9DE}
		{33412B0D-5451-4A03-9939-8462D13C545B} = {33412B0D-5451-4A03-9939-8462D13C545B}
	EndProjectSection
EndProject
Project("{FAE04EC0-301F-11D3-BF4B-00C04F79EFBC}") = "ASC.Web.Community.Wiki", "web\studio\ASC.Web.Studio\Products\Community\Modules\Wiki\ASC.Web.Community.Wiki.csproj", "{EE61703B-2BF8-4553-8CB6-8741E8E94DC8}"
	ProjectSection(ProjectDependencies) = postProject
		{11BA9805-752F-4F6F-A876-6BA56F0EB9DE} = {11BA9805-752F-4F6F-A876-6BA56F0EB9DE}
		{F89C7F62-57E2-4AFA-8347-85AB4C0F55E2} = {F89C7F62-57E2-4AFA-8347-85AB4C0F55E2}
	EndProjectSection
EndProject
Project("{FAE04EC0-301F-11D3-BF4B-00C04F79EFBC}") = "ASC.Data.Backup.Restore", "common\ASC.Data.Backup.Restore\ASC.Data.Backup.Restore.csproj", "{D3841993-A482-4C26-906B-E32183891E6B}"
EndProject
Project("{FAE04EC0-301F-11D3-BF4B-00C04F79EFBC}") = "agsXMPP", "module\ASC.Jabber\agsXMPP\agsXMPP.csproj", "{91EA0D0B-D3BA-497F-AFEB-2CAD59DEBA0E}"
EndProject
Project("{FAE04EC0-301F-11D3-BF4B-00C04F79EFBC}") = "ASC.Web.Talk", "web\studio\ASC.Web.Studio\addons\talk\ASC.Web.Talk.csproj", "{07AD1522-D100-4CE6-94FA-95CBE5822363}"
EndProject
Project("{FAE04EC0-301F-11D3-BF4B-00C04F79EFBC}") = "ASC.Core.Common", "common\ASC.Core.Common\ASC.Core.Common.csproj", "{A51D0454-4AFA-46DE-89D4-B03D37E1816C}"
	ProjectSection(ProjectDependencies) = postProject
		{76DE7717-3D4B-4A5B-B740-15B8913DF0CB} = {76DE7717-3D4B-4A5B-B740-15B8913DF0CB}
	EndProjectSection
EndProject
Project("{FAE04EC0-301F-11D3-BF4B-00C04F79EFBC}") = "ASC.TeamLabSvc", "module\ASC.TeamLabSvc\ASC.TeamLabSvc\ASC.TeamLabSvc.csproj", "{211CB6E3-C353-4229-88B4-051FC2900A61}"
EndProject
Project("{FAE04EC0-301F-11D3-BF4B-00C04F79EFBC}") = "ASC.Web.Core", "web\core\ASC.Web.Core\ASC.Web.Core.csproj", "{02C40A64-FE22-41D0-9037-69F0D6F787A9}"
EndProject
Project("{FAE04EC0-301F-11D3-BF4B-00C04F79EFBC}") = "ASC.Web.Files", "web\studio\ASC.Web.Studio\Products\Files\ASC.Web.Files.csproj", "{8C534AF7-5696-4E68-9FF4-FFC311893C10}"
EndProject
Project("{FAE04EC0-301F-11D3-BF4B-00C04F79EFBC}") = "ASC.Web.Projects", "web\studio\ASC.Web.Studio\Products\Projects\ASC.Web.Projects.csproj", "{11ACB4CA-A305-4CAA-8546-392C6DAFC7C4}"
EndProject
Project("{FAE04EC0-301F-11D3-BF4B-00C04F79EFBC}") = "ASC.FederatedLogin", "module\ASC.Thrdparty\ASC.FederatedLogin\ASC.FederatedLogin.csproj", "{481B0D9C-B2F8-4DE9-8597-BA8D24585099}"
EndProject
Global
	GlobalSection(SolutionConfigurationPlatforms) = preSolution
		Debug|Any CPU = Debug|Any CPU
		Release|Any CPU = Release|Any CPU
	EndGlobalSection
	GlobalSection(ProjectConfigurationPlatforms) = postSolution
		{E7BE6CE8-F6B0-4B9B-831B-BA0C85C8D130}.Debug|Any CPU.ActiveCfg = Debug|Any CPU
		{E7BE6CE8-F6B0-4B9B-831B-BA0C85C8D130}.Debug|Any CPU.Build.0 = Debug|Any CPU
		{E7BE6CE8-F6B0-4B9B-831B-BA0C85C8D130}.Release|Any CPU.ActiveCfg = Release|Any CPU
		{E7BE6CE8-F6B0-4B9B-831B-BA0C85C8D130}.Release|Any CPU.Build.0 = Release|Any CPU
		{021A6CE4-6B3A-4C65-AC92-8AD80C0F6EA5}.Debug|Any CPU.ActiveCfg = Debug|Any CPU
		{021A6CE4-6B3A-4C65-AC92-8AD80C0F6EA5}.Debug|Any CPU.Build.0 = Debug|Any CPU
		{021A6CE4-6B3A-4C65-AC92-8AD80C0F6EA5}.Release|Any CPU.ActiveCfg = Release|Any CPU
		{021A6CE4-6B3A-4C65-AC92-8AD80C0F6EA5}.Release|Any CPU.Build.0 = Release|Any CPU
		{205BE118-D0A5-4BFA-A261-E2C42119771F}.Debug|Any CPU.ActiveCfg = Debug|Any CPU
		{205BE118-D0A5-4BFA-A261-E2C42119771F}.Debug|Any CPU.Build.0 = Debug|Any CPU
		{205BE118-D0A5-4BFA-A261-E2C42119771F}.Release|Any CPU.ActiveCfg = Release|Any CPU
		{205BE118-D0A5-4BFA-A261-E2C42119771F}.Release|Any CPU.Build.0 = Release|Any CPU
		{DB934E1C-458A-46F3-8B00-DFC2D3603D22}.Debug|Any CPU.ActiveCfg = Debug|Any CPU
		{DB934E1C-458A-46F3-8B00-DFC2D3603D22}.Debug|Any CPU.Build.0 = Debug|Any CPU
		{DB934E1C-458A-46F3-8B00-DFC2D3603D22}.Release|Any CPU.ActiveCfg = Release|Any CPU
		{DB934E1C-458A-46F3-8B00-DFC2D3603D22}.Release|Any CPU.Build.0 = Release|Any CPU
		{49F9BEFC-4923-44C6-82EC-46ED61880683}.Debug|Any CPU.ActiveCfg = Debug|Any CPU
		{49F9BEFC-4923-44C6-82EC-46ED61880683}.Debug|Any CPU.Build.0 = Debug|Any CPU
		{49F9BEFC-4923-44C6-82EC-46ED61880683}.Release|Any CPU.ActiveCfg = Release|Any CPU
		{49F9BEFC-4923-44C6-82EC-46ED61880683}.Release|Any CPU.Build.0 = Release|Any CPU
		{F89C7F62-57E2-4AFA-8347-85AB4C0F55E2}.Debug|Any CPU.ActiveCfg = Debug|Any CPU
		{F89C7F62-57E2-4AFA-8347-85AB4C0F55E2}.Debug|Any CPU.Build.0 = Debug|Any CPU
		{F89C7F62-57E2-4AFA-8347-85AB4C0F55E2}.Release|Any CPU.ActiveCfg = Release|Any CPU
		{F89C7F62-57E2-4AFA-8347-85AB4C0F55E2}.Release|Any CPU.Build.0 = Release|Any CPU
		{76DE7717-3D4B-4A5B-B740-15B8913DF0CB}.Debug|Any CPU.ActiveCfg = Debug|Any CPU
		{76DE7717-3D4B-4A5B-B740-15B8913DF0CB}.Debug|Any CPU.Build.0 = Debug|Any CPU
		{76DE7717-3D4B-4A5B-B740-15B8913DF0CB}.Release|Any CPU.ActiveCfg = Release|Any CPU
		{76DE7717-3D4B-4A5B-B740-15B8913DF0CB}.Release|Any CPU.Build.0 = Release|Any CPU
		{FE7E290C-9F36-41EF-A58D-5504C24CCD16}.Debug|Any CPU.ActiveCfg = Debug|Any CPU
		{FE7E290C-9F36-41EF-A58D-5504C24CCD16}.Debug|Any CPU.Build.0 = Debug|Any CPU
		{FE7E290C-9F36-41EF-A58D-5504C24CCD16}.Release|Any CPU.ActiveCfg = Release|Any CPU
		{FE7E290C-9F36-41EF-A58D-5504C24CCD16}.Release|Any CPU.Build.0 = Release|Any CPU
		{3F6B420F-ABD3-4B5A-9F4C-5D61FFBB01DE}.Debug|Any CPU.ActiveCfg = Debug|Any CPU
		{3F6B420F-ABD3-4B5A-9F4C-5D61FFBB01DE}.Debug|Any CPU.Build.0 = Debug|Any CPU
		{3F6B420F-ABD3-4B5A-9F4C-5D61FFBB01DE}.Release|Any CPU.ActiveCfg = Release|Any CPU
		{3F6B420F-ABD3-4B5A-9F4C-5D61FFBB01DE}.Release|Any CPU.Build.0 = Release|Any CPU
		{43499DD0-160A-45D9-A936-F04D603B9F6D}.Debug|Any CPU.ActiveCfg = Debug|Any CPU
		{43499DD0-160A-45D9-A936-F04D603B9F6D}.Debug|Any CPU.Build.0 = Debug|Any CPU
		{43499DD0-160A-45D9-A936-F04D603B9F6D}.Release|Any CPU.ActiveCfg = Release|Any CPU
		{43499DD0-160A-45D9-A936-F04D603B9F6D}.Release|Any CPU.Build.0 = Release|Any CPU
		{AA3B6B75-0EAA-499B-BE85-304DF28E6D31}.Debug|Any CPU.ActiveCfg = Debug|Any CPU
		{AA3B6B75-0EAA-499B-BE85-304DF28E6D31}.Debug|Any CPU.Build.0 = Debug|Any CPU
		{AA3B6B75-0EAA-499B-BE85-304DF28E6D31}.Release|Any CPU.ActiveCfg = Release|Any CPU
		{AA3B6B75-0EAA-499B-BE85-304DF28E6D31}.Release|Any CPU.Build.0 = Release|Any CPU
		{56AB4EFB-6C66-43F0-B2E6-979C2C952D3C}.Debug|Any CPU.ActiveCfg = Debug|Any CPU
		{56AB4EFB-6C66-43F0-B2E6-979C2C952D3C}.Debug|Any CPU.Build.0 = Debug|Any CPU
		{56AB4EFB-6C66-43F0-B2E6-979C2C952D3C}.Release|Any CPU.ActiveCfg = Release|Any CPU
		{56AB4EFB-6C66-43F0-B2E6-979C2C952D3C}.Release|Any CPU.Build.0 = Release|Any CPU
		{06087A08-31B8-4D0F-975D-F45B12AB7FA7}.Debug|Any CPU.ActiveCfg = Debug|Any CPU
		{06087A08-31B8-4D0F-975D-F45B12AB7FA7}.Debug|Any CPU.Build.0 = Debug|Any CPU
		{06087A08-31B8-4D0F-975D-F45B12AB7FA7}.Release|Any CPU.ActiveCfg = Release|Any CPU
		{06087A08-31B8-4D0F-975D-F45B12AB7FA7}.Release|Any CPU.Build.0 = Release|Any CPU
		{3BE01581-4ECA-4104-8306-F16652330FEA}.Debug|Any CPU.ActiveCfg = Debug|Any CPU
		{3BE01581-4ECA-4104-8306-F16652330FEA}.Debug|Any CPU.Build.0 = Debug|Any CPU
		{3BE01581-4ECA-4104-8306-F16652330FEA}.Release|Any CPU.ActiveCfg = Release|Any CPU
		{3BE01581-4ECA-4104-8306-F16652330FEA}.Release|Any CPU.Build.0 = Release|Any CPU
		{98330417-CF62-4624-94DC-271433945E27}.Debug|Any CPU.ActiveCfg = Debug|Any CPU
		{98330417-CF62-4624-94DC-271433945E27}.Debug|Any CPU.Build.0 = Debug|Any CPU
		{98330417-CF62-4624-94DC-271433945E27}.Release|Any CPU.ActiveCfg = Release|Any CPU
		{98330417-CF62-4624-94DC-271433945E27}.Release|Any CPU.Build.0 = Release|Any CPU
		{10A65F6E-7C34-4EB7-BB9C-C3CC27D979E8}.Debug|Any CPU.ActiveCfg = Debug|Any CPU
		{10A65F6E-7C34-4EB7-BB9C-C3CC27D979E8}.Debug|Any CPU.Build.0 = Debug|Any CPU
		{10A65F6E-7C34-4EB7-BB9C-C3CC27D979E8}.Release|Any CPU.ActiveCfg = Release|Any CPU
		{10A65F6E-7C34-4EB7-BB9C-C3CC27D979E8}.Release|Any CPU.Build.0 = Release|Any CPU
		{64C8B39D-5DCD-4EEB-A5DD-BFE7CA24FA6A}.Debug|Any CPU.ActiveCfg = Debug|Any CPU
		{64C8B39D-5DCD-4EEB-A5DD-BFE7CA24FA6A}.Debug|Any CPU.Build.0 = Debug|Any CPU
		{64C8B39D-5DCD-4EEB-A5DD-BFE7CA24FA6A}.Release|Any CPU.ActiveCfg = Release|Any CPU
		{64C8B39D-5DCD-4EEB-A5DD-BFE7CA24FA6A}.Release|Any CPU.Build.0 = Release|Any CPU
		{547A1BEC-5985-4DF9-A1A0-6AC608574524}.Debug|Any CPU.ActiveCfg = Debug|Any CPU
		{547A1BEC-5985-4DF9-A1A0-6AC608574524}.Debug|Any CPU.Build.0 = Debug|Any CPU
		{547A1BEC-5985-4DF9-A1A0-6AC608574524}.Release|Any CPU.ActiveCfg = Release|Any CPU
		{547A1BEC-5985-4DF9-A1A0-6AC608574524}.Release|Any CPU.Build.0 = Release|Any CPU
		{7DB9C90C-FE62-49C1-ABE7-5F8021824916}.Debug|Any CPU.ActiveCfg = Debug|Any CPU
		{7DB9C90C-FE62-49C1-ABE7-5F8021824916}.Debug|Any CPU.Build.0 = Debug|Any CPU
		{7DB9C90C-FE62-49C1-ABE7-5F8021824916}.Release|Any CPU.ActiveCfg = Release|Any CPU
		{7DB9C90C-FE62-49C1-ABE7-5F8021824916}.Release|Any CPU.Build.0 = Release|Any CPU
		{33412B0D-5451-4A03-9939-8462D13C545B}.Debug|Any CPU.ActiveCfg = Debug|Any CPU
		{33412B0D-5451-4A03-9939-8462D13C545B}.Debug|Any CPU.Build.0 = Debug|Any CPU
		{33412B0D-5451-4A03-9939-8462D13C545B}.Release|Any CPU.ActiveCfg = Release|Any CPU
		{33412B0D-5451-4A03-9939-8462D13C545B}.Release|Any CPU.Build.0 = Release|Any CPU
		{11BA9805-752F-4F6F-A876-6BA56F0EB9DE}.Debug|Any CPU.ActiveCfg = Debug|Any CPU
		{11BA9805-752F-4F6F-A876-6BA56F0EB9DE}.Debug|Any CPU.Build.0 = Debug|Any CPU
		{11BA9805-752F-4F6F-A876-6BA56F0EB9DE}.Release|Any CPU.ActiveCfg = Release|Any CPU
		{11BA9805-752F-4F6F-A876-6BA56F0EB9DE}.Release|Any CPU.Build.0 = Release|Any CPU
		{76E19A86-2240-4DD9-AB5A-37F5D617EF28}.Debug|Any CPU.ActiveCfg = Debug|Any CPU
		{76E19A86-2240-4DD9-AB5A-37F5D617EF28}.Debug|Any CPU.Build.0 = Debug|Any CPU
		{76E19A86-2240-4DD9-AB5A-37F5D617EF28}.Release|Any CPU.ActiveCfg = Release|Any CPU
		{76E19A86-2240-4DD9-AB5A-37F5D617EF28}.Release|Any CPU.Build.0 = Release|Any CPU
		{97473091-FE47-4293-921A-3D4CC596D2F5}.Debug|Any CPU.ActiveCfg = Debug|Any CPU
		{97473091-FE47-4293-921A-3D4CC596D2F5}.Debug|Any CPU.Build.0 = Debug|Any CPU
		{97473091-FE47-4293-921A-3D4CC596D2F5}.Release|Any CPU.ActiveCfg = Release|Any CPU
		{97473091-FE47-4293-921A-3D4CC596D2F5}.Release|Any CPU.Build.0 = Release|Any CPU
		{AC68A6F4-6153-42D0-B51C-1ED14698C3A6}.Debug|Any CPU.ActiveCfg = Debug|Any CPU
		{AC68A6F4-6153-42D0-B51C-1ED14698C3A6}.Debug|Any CPU.Build.0 = Debug|Any CPU
		{AC68A6F4-6153-42D0-B51C-1ED14698C3A6}.Release|Any CPU.ActiveCfg = Release|Any CPU
		{AC68A6F4-6153-42D0-B51C-1ED14698C3A6}.Release|Any CPU.Build.0 = Release|Any CPU
		{FB0EDA9C-5535-46A6-BD69-FFCDDDC2534D}.Debug|Any CPU.ActiveCfg = Debug|Any CPU
		{FB0EDA9C-5535-46A6-BD69-FFCDDDC2534D}.Debug|Any CPU.Build.0 = Debug|Any CPU
		{FB0EDA9C-5535-46A6-BD69-FFCDDDC2534D}.Release|Any CPU.ActiveCfg = Release|Any CPU
		{FB0EDA9C-5535-46A6-BD69-FFCDDDC2534D}.Release|Any CPU.Build.0 = Release|Any CPU
		{30D6BD9A-B333-441B-943B-8C62D515FC4A}.Debug|Any CPU.ActiveCfg = Debug|Any CPU
		{30D6BD9A-B333-441B-943B-8C62D515FC4A}.Debug|Any CPU.Build.0 = Debug|Any CPU
		{30D6BD9A-B333-441B-943B-8C62D515FC4A}.Release|Any CPU.ActiveCfg = Release|Any CPU
		{30D6BD9A-B333-441B-943B-8C62D515FC4A}.Release|Any CPU.Build.0 = Release|Any CPU
		{EE61703B-2BF8-4553-8CB6-8741E8E94DC8}.Debug|Any CPU.ActiveCfg = Debug|Any CPU
		{EE61703B-2BF8-4553-8CB6-8741E8E94DC8}.Debug|Any CPU.Build.0 = Debug|Any CPU
		{EE61703B-2BF8-4553-8CB6-8741E8E94DC8}.Release|Any CPU.ActiveCfg = Release|Any CPU
		{EE61703B-2BF8-4553-8CB6-8741E8E94DC8}.Release|Any CPU.Build.0 = Release|Any CPU
		{D3841993-A482-4C26-906B-E32183891E6B}.Debug|Any CPU.ActiveCfg = Debug|Any CPU
		{D3841993-A482-4C26-906B-E32183891E6B}.Debug|Any CPU.Build.0 = Debug|Any CPU
		{D3841993-A482-4C26-906B-E32183891E6B}.Release|Any CPU.ActiveCfg = Release|Any CPU
		{D3841993-A482-4C26-906B-E32183891E6B}.Release|Any CPU.Build.0 = Release|Any CPU
		{91EA0D0B-D3BA-497F-AFEB-2CAD59DEBA0E}.Debug|Any CPU.ActiveCfg = Debug|Any CPU
		{91EA0D0B-D3BA-497F-AFEB-2CAD59DEBA0E}.Debug|Any CPU.Build.0 = Debug|Any CPU
		{91EA0D0B-D3BA-497F-AFEB-2CAD59DEBA0E}.Release|Any CPU.ActiveCfg = Release|Any CPU
		{91EA0D0B-D3BA-497F-AFEB-2CAD59DEBA0E}.Release|Any CPU.Build.0 = Release|Any CPU
		{07AD1522-D100-4CE6-94FA-95CBE5822363}.Debug|Any CPU.ActiveCfg = Debug|Any CPU
		{07AD1522-D100-4CE6-94FA-95CBE5822363}.Debug|Any CPU.Build.0 = Debug|Any CPU
		{07AD1522-D100-4CE6-94FA-95CBE5822363}.Release|Any CPU.ActiveCfg = Release|Any CPU
		{07AD1522-D100-4CE6-94FA-95CBE5822363}.Release|Any CPU.Build.0 = Release|Any CPU
		{A51D0454-4AFA-46DE-89D4-B03D37E1816C}.Debug|Any CPU.ActiveCfg = Debug|Any CPU
		{A51D0454-4AFA-46DE-89D4-B03D37E1816C}.Debug|Any CPU.Build.0 = Debug|Any CPU
		{A51D0454-4AFA-46DE-89D4-B03D37E1816C}.Release|Any CPU.ActiveCfg = Release|Any CPU
		{A51D0454-4AFA-46DE-89D4-B03D37E1816C}.Release|Any CPU.Build.0 = Release|Any CPU
		{211CB6E3-C353-4229-88B4-051FC2900A61}.Debug|Any CPU.ActiveCfg = Debug|Any CPU
		{211CB6E3-C353-4229-88B4-051FC2900A61}.Debug|Any CPU.Build.0 = Debug|Any CPU
		{211CB6E3-C353-4229-88B4-051FC2900A61}.Release|Any CPU.ActiveCfg = Release|Any CPU
		{211CB6E3-C353-4229-88B4-051FC2900A61}.Release|Any CPU.Build.0 = Release|Any CPU
		{02C40A64-FE22-41D0-9037-69F0D6F787A9}.Debug|Any CPU.ActiveCfg = Debug|Any CPU
		{02C40A64-FE22-41D0-9037-69F0D6F787A9}.Debug|Any CPU.Build.0 = Debug|Any CPU
		{02C40A64-FE22-41D0-9037-69F0D6F787A9}.Release|Any CPU.ActiveCfg = Release|Any CPU
		{02C40A64-FE22-41D0-9037-69F0D6F787A9}.Release|Any CPU.Build.0 = Release|Any CPU
		{8C534AF7-5696-4E68-9FF4-FFC311893C10}.Debug|Any CPU.ActiveCfg = Debug|Any CPU
		{8C534AF7-5696-4E68-9FF4-FFC311893C10}.Debug|Any CPU.Build.0 = Debug|Any CPU
		{8C534AF7-5696-4E68-9FF4-FFC311893C10}.Release|Any CPU.ActiveCfg = Release|Any CPU
		{8C534AF7-5696-4E68-9FF4-FFC311893C10}.Release|Any CPU.Build.0 = Release|Any CPU
		{11ACB4CA-A305-4CAA-8546-392C6DAFC7C4}.Debug|Any CPU.ActiveCfg = Debug|Any CPU
		{11ACB4CA-A305-4CAA-8546-392C6DAFC7C4}.Debug|Any CPU.Build.0 = Debug|Any CPU
		{11ACB4CA-A305-4CAA-8546-392C6DAFC7C4}.Release|Any CPU.ActiveCfg = Release|Any CPU
		{11ACB4CA-A305-4CAA-8546-392C6DAFC7C4}.Release|Any CPU.Build.0 = Release|Any CPU
		{481B0D9C-B2F8-4DE9-8597-BA8D24585099}.Debug|Any CPU.ActiveCfg = Debug|Any CPU
		{481B0D9C-B2F8-4DE9-8597-BA8D24585099}.Debug|Any CPU.Build.0 = Debug|Any CPU
		{481B0D9C-B2F8-4DE9-8597-BA8D24585099}.Release|Any CPU.ActiveCfg = Release|Any CPU
		{481B0D9C-B2F8-4DE9-8597-BA8D24585099}.Release|Any CPU.Build.0 = Release|Any CPU
	EndGlobalSection
	GlobalSection(SolutionProperties) = preSolution
		HideSolutionNode = FALSE
	EndGlobalSection
	GlobalSection(NestedProjects) = preSolution
		{87F267EC-8868-4D6B-AAEA-5EF90794D124} = {CA6C0D19-378D-46C7-9E74-1083FFCE1812}
		{E7BE6CE8-F6B0-4B9B-831B-BA0C85C8D130} = {CA6C0D19-378D-46C7-9E74-1083FFCE1812}
		{021A6CE4-6B3A-4C65-AC92-8AD80C0F6EA5} = {CA6C0D19-378D-46C7-9E74-1083FFCE1812}
		{205BE118-D0A5-4BFA-A261-E2C42119771F} = {CA6C0D19-378D-46C7-9E74-1083FFCE1812}
		{DB934E1C-458A-46F3-8B00-DFC2D3603D22} = {CA6C0D19-378D-46C7-9E74-1083FFCE1812}
		{49F9BEFC-4923-44C6-82EC-46ED61880683} = {CA6C0D19-378D-46C7-9E74-1083FFCE1812}
		{F89C7F62-57E2-4AFA-8347-85AB4C0F55E2} = {CA6C0D19-378D-46C7-9E74-1083FFCE1812}
		{76DE7717-3D4B-4A5B-B740-15B8913DF0CB} = {36EAC733-F529-40B2-B859-E615B63AF419}
		{FE7E290C-9F36-41EF-A58D-5504C24CCD16} = {36EAC733-F529-40B2-B859-E615B63AF419}
		{3F6B420F-ABD3-4B5A-9F4C-5D61FFBB01DE} = {36EAC733-F529-40B2-B859-E615B63AF419}
		{43499DD0-160A-45D9-A936-F04D603B9F6D} = {826FEA8C-1E7A-4EFC-A28F-6416FDBFEC55}
		{AA3B6B75-0EAA-499B-BE85-304DF28E6D31} = {826FEA8C-1E7A-4EFC-A28F-6416FDBFEC55}
		{56AB4EFB-6C66-43F0-B2E6-979C2C952D3C} = {826FEA8C-1E7A-4EFC-A28F-6416FDBFEC55}
		{06087A08-31B8-4D0F-975D-F45B12AB7FA7} = {826FEA8C-1E7A-4EFC-A28F-6416FDBFEC55}
		{3BE01581-4ECA-4104-8306-F16652330FEA} = {826FEA8C-1E7A-4EFC-A28F-6416FDBFEC55}
		{98330417-CF62-4624-94DC-271433945E27} = {826FEA8C-1E7A-4EFC-A28F-6416FDBFEC55}
		{10A65F6E-7C34-4EB7-BB9C-C3CC27D979E8} = {826FEA8C-1E7A-4EFC-A28F-6416FDBFEC55}
		{64C8B39D-5DCD-4EEB-A5DD-BFE7CA24FA6A} = {826FEA8C-1E7A-4EFC-A28F-6416FDBFEC55}
		{547A1BEC-5985-4DF9-A1A0-6AC608574524} = {826FEA8C-1E7A-4EFC-A28F-6416FDBFEC55}
		{7DB9C90C-FE62-49C1-ABE7-5F8021824916} = {826FEA8C-1E7A-4EFC-A28F-6416FDBFEC55}
		{33412B0D-5451-4A03-9939-8462D13C545B} = {826FEA8C-1E7A-4EFC-A28F-6416FDBFEC55}
		{11BA9805-752F-4F6F-A876-6BA56F0EB9DE} = {87F267EC-8868-4D6B-AAEA-5EF90794D124}
		{76E19A86-2240-4DD9-AB5A-37F5D617EF28} = {87F267EC-8868-4D6B-AAEA-5EF90794D124}
		{97473091-FE47-4293-921A-3D4CC596D2F5} = {87F267EC-8868-4D6B-AAEA-5EF90794D124}
		{AC68A6F4-6153-42D0-B51C-1ED14698C3A6} = {87F267EC-8868-4D6B-AAEA-5EF90794D124}
		{FB0EDA9C-5535-46A6-BD69-FFCDDDC2534D} = {87F267EC-8868-4D6B-AAEA-5EF90794D124}
		{30D6BD9A-B333-441B-943B-8C62D515FC4A} = {87F267EC-8868-4D6B-AAEA-5EF90794D124}
		{EE61703B-2BF8-4553-8CB6-8741E8E94DC8} = {87F267EC-8868-4D6B-AAEA-5EF90794D124}
		{D3841993-A482-4C26-906B-E32183891E6B} = {36EAC733-F529-40B2-B859-E615B63AF419}
		{91EA0D0B-D3BA-497F-AFEB-2CAD59DEBA0E} = {826FEA8C-1E7A-4EFC-A28F-6416FDBFEC55}
		{07AD1522-D100-4CE6-94FA-95CBE5822363} = {87F267EC-8868-4D6B-AAEA-5EF90794D124}
		{A51D0454-4AFA-46DE-89D4-B03D37E1816C} = {36EAC733-F529-40B2-B859-E615B63AF419}
		{211CB6E3-C353-4229-88B4-051FC2900A61} = {826FEA8C-1E7A-4EFC-A28F-6416FDBFEC55}
		{02C40A64-FE22-41D0-9037-69F0D6F787A9} = {CA6C0D19-378D-46C7-9E74-1083FFCE1812}
		{8C534AF7-5696-4E68-9FF4-FFC311893C10} = {87F267EC-8868-4D6B-AAEA-5EF90794D124}
		{11ACB4CA-A305-4CAA-8546-392C6DAFC7C4} = {87F267EC-8868-4D6B-AAEA-5EF90794D124}
		{481B0D9C-B2F8-4DE9-8597-BA8D24585099} = {826FEA8C-1E7A-4EFC-A28F-6416FDBFEC55}
	EndGlobalSection
	GlobalSection(ExtensibilityGlobals) = postSolution
		SolutionGuid = {0EA07504-7293-4312-9707-3275DF216C37}
	EndGlobalSection
	GlobalSection(TeamFoundationVersionControl) = preSolution
		SccNumberOfProjects = 37
		SccEnterpriseProvider = {4CA58AB2-18FA-4F8D-95D4-32DDF27D184C}
		SccTeamFoundationServer = https://alianzabi.visualstudio.com/
		SccLocalPath0 = .
		SccProjectUniqueName1 = common\\ASC.Common\\ASC.Common.csproj
		SccProjectTopLevelParentUniqueName1 = TeamLab.sln
		SccProjectName1 = common/ASC.Common
		SccLocalPath1 = common\\ASC.Common
		SccProjectUniqueName2 = common\\ASC.Core.Common\\ASC.Core.Common.csproj
		SccProjectTopLevelParentUniqueName2 = TeamLab.sln
		SccProjectName2 = common/ASC.Core.Common
		SccLocalPath2 = common\\ASC.Core.Common
		SccProjectUniqueName3 = common\\ASC.Data.Backup.Restore\\ASC.Data.Backup.Restore.csproj
		SccProjectTopLevelParentUniqueName3 = TeamLab.sln
		SccProjectName3 = common/ASC.Data.Backup.Restore
		SccLocalPath3 = common\\ASC.Data.Backup.Restore
		SccProjectUniqueName4 = common\\ASC.Data.Backup\\ASC.Data.Backup.csproj
		SccProjectTopLevelParentUniqueName4 = TeamLab.sln
		SccProjectName4 = common/ASC.Data.Backup
		SccLocalPath4 = common\\ASC.Data.Backup
		SccProjectUniqueName5 = common\\ASC.Data.Storage\\ASC.Data.Storage.csproj
		SccProjectTopLevelParentUniqueName5 = TeamLab.sln
		SccProjectName5 = common/ASC.Data.Storage
		SccLocalPath5 = common\\ASC.Data.Storage
		SccProjectUniqueName6 = module\\ASC.Bookmarking\\ASC.Bookmarking.csproj
		SccProjectTopLevelParentUniqueName6 = TeamLab.sln
		SccProjectName6 = module/ASC.Bookmarking
		SccLocalPath6 = module\\ASC.Bookmarking
		SccProjectUniqueName7 = module\\ASC.FullTextIndex\\ASC.FullTextIndex\\ASC.FullTextIndex.csproj
		SccProjectTopLevelParentUniqueName7 = TeamLab.sln
		SccProjectName7 = module/ASC.FullTextIndex/ASC.FullTextIndex
		SccLocalPath7 = module\\ASC.FullTextIndex\\ASC.FullTextIndex
		SccProjectUniqueName8 = module\\ASC.Jabber\\agsXMPP\\agsXMPP.csproj
		SccProjectTopLevelParentUniqueName8 = TeamLab.sln
		SccProjectName8 = module/ASC.Jabber/agsXMPP
		SccLocalPath8 = module\\ASC.Jabber\\agsXMPP
		SccProjectUniqueName9 = module\\ASC.Jabber\\ASC.Xmpp.Common\\ASC.Xmpp.Common.csproj
		SccProjectTopLevelParentUniqueName9 = TeamLab.sln
		SccProjectName9 = module/ASC.Jabber/ASC.Xmpp.Common
		SccLocalPath9 = module\\ASC.Jabber\\ASC.Xmpp.Common
		SccProjectUniqueName10 = module\\ASC.Jabber\\ASC.Xmpp.Host\\ASC.Xmpp.Host.csproj
		SccProjectTopLevelParentUniqueName10 = TeamLab.sln
		SccProjectName10 = module/ASC.Jabber/ASC.Xmpp.Host
		SccLocalPath10 = module\\ASC.Jabber\\ASC.Xmpp.Host
		SccProjectUniqueName11 = module\\ASC.Jabber\\ASC.Xmpp.Server\\ASC.Xmpp.Server.csproj
		SccProjectTopLevelParentUniqueName11 = TeamLab.sln
		SccProjectName11 = module/ASC.Jabber/ASC.Xmpp.Server
		SccLocalPath11 = module\\ASC.Jabber\\ASC.Xmpp.Server
		SccProjectUniqueName12 = module\\ASC.Projects\\ASC.Projects.Core\\ASC.Projects.Core.csproj
		SccProjectTopLevelParentUniqueName12 = TeamLab.sln
		SccProjectName12 = module/ASC.Projects/ASC.Projects.Core
		SccLocalPath12 = module\\ASC.Projects\\ASC.Projects.Core
		SccProjectUniqueName13 = module\\ASC.Projects\\ASC.Projects.Data\\ASC.Projects.Data.csproj
		SccProjectTopLevelParentUniqueName13 = TeamLab.sln
		SccProjectName13 = module/ASC.Projects/ASC.Projects.Data
		SccLocalPath13 = module\\ASC.Projects\\ASC.Projects.Data
		SccProjectUniqueName14 = module\\ASC.Projects\\ASC.Projects.Engine\\ASC.Projects.Engine.csproj
		SccProjectTopLevelParentUniqueName14 = TeamLab.sln
		SccProjectName14 = module/ASC.Projects/ASC.Projects.Engine
		SccLocalPath14 = module\\ASC.Projects\\ASC.Projects.Engine
		SccProjectUniqueName15 = module\\ASC.TeamLabSvc\\ASC.TeamLabSvc\\ASC.TeamLabSvc.csproj
		SccProjectTopLevelParentUniqueName15 = TeamLab.sln
		SccProjectName15 = module/ASC.TeamLabSvc/ASC.TeamLabSvc
		SccLocalPath15 = module\\ASC.TeamLabSvc\\ASC.TeamLabSvc
		SccProjectUniqueName16 = module\\ASC.Thrdparty\\ASC.FederatedLogin\\ASC.FederatedLogin.csproj
		SccProjectTopLevelParentUniqueName16 = TeamLab.sln
		SccProjectName16 = module/ASC.Thrdparty/ASC.FederatedLogin
		SccLocalPath16 = module\\ASC.Thrdparty\\ASC.FederatedLogin
		SccProjectUniqueName17 = module\\Blogs\\ASC.Blogs.Core\\ASC.Blogs.Core.csproj
		SccProjectTopLevelParentUniqueName17 = TeamLab.sln
		SccProjectName17 = module/Blogs/ASC.Blogs.Core
		SccLocalPath17 = module\\Blogs\\ASC.Blogs.Core
		SccProjectUniqueName18 = module\\Forum\\ASC.Forum\\ASC.Forum.csproj
		SccProjectTopLevelParentUniqueName18 = TeamLab.sln
		SccProjectName18 = module/Forum/ASC.Forum
		SccLocalPath18 = module\\Forum\\ASC.Forum
		SccProjectUniqueName19 = module\\PhotoManager\\ASC.PhotoManager.csproj
		SccProjectTopLevelParentUniqueName19 = TeamLab.sln
		SccProjectName19 = module/PhotoManager
		SccLocalPath19 = module\\PhotoManager
		SccProjectUniqueName20 = web\\controls\\ASC.Web.Controls\\ASC.Web.Controls.csproj
		SccProjectTopLevelParentUniqueName20 = TeamLab.sln
		SccProjectName20 = web/controls/ASC.Web.Controls
		SccLocalPath20 = web\\controls\\ASC.Web.Controls
		SccProjectUniqueName21 = web\\controls\\ASC.Web.UserControls.Bookmarking\\ASC.Web.UserControls.Bookmarking.csproj
		SccProjectTopLevelParentUniqueName21 = TeamLab.sln
		SccProjectName21 = web/controls/ASC.Web.UserControls.Bookmarking
		SccLocalPath21 = web\\controls\\ASC.Web.UserControls.Bookmarking
		SccProjectUniqueName22 = web\\controls\\ASC.Web.UserControls.Forum\\ASC.Web.UserControls.Forum.csproj
		SccProjectTopLevelParentUniqueName22 = TeamLab.sln
		SccProjectName22 = web/controls/ASC.Web.UserControls.Forum
		SccLocalPath22 = web\\controls\\ASC.Web.UserControls.Forum
		SccProjectUniqueName23 = web\\controls\\ASC.Web.UserControls.Wiki\\ASC.Web.UserControls.Wiki.csproj
		SccProjectTopLevelParentUniqueName23 = TeamLab.sln
		SccProjectName23 = web/controls/ASC.Web.UserControls.Wiki
		SccLocalPath23 = web\\controls\\ASC.Web.UserControls.Wiki
		SccProjectUniqueName24 = web\\core\\ASC.Web.Core\\ASC.Web.Core.csproj
		SccProjectTopLevelParentUniqueName24 = TeamLab.sln
		SccProjectName24 = web/core/ASC.Web.Core
		SccLocalPath24 = web\\core\\ASC.Web.Core
		SccProjectUniqueName25 = web\\host\\ASC.Web.Host\\ASC.Web.Host.csproj
		SccProjectTopLevelParentUniqueName25 = TeamLab.sln
		SccProjectName25 = web/host/ASC.Web.Host
		SccLocalPath25 = web\\host\\ASC.Web.Host
		SccProjectUniqueName26 = web\\studio\\ASC.Web.Studio\\addons\\talk\\ASC.Web.Talk.csproj
		SccProjectTopLevelParentUniqueName26 = TeamLab.sln
		SccProjectName26 = web/studio/ASC.Web.Studio/addons/talk
		SccLocalPath26 = web\\studio\\ASC.Web.Studio\\addons\\talk
		SccProjectUniqueName27 = web\\studio\\ASC.Web.Studio\\ASC.Web.Studio.csproj
		SccProjectTopLevelParentUniqueName27 = TeamLab.sln
		SccProjectName27 = web/studio/ASC.Web.Studio
		SccLocalPath27 = web\\studio\\ASC.Web.Studio
		SccProjectUniqueName28 = web\\studio\\ASC.Web.Studio\\Products\\Community\\ASC.Web.Community.csproj
		SccProjectTopLevelParentUniqueName28 = TeamLab.sln
		SccProjectName28 = web/studio/ASC.Web.Studio/Products/Community
		SccLocalPath28 = web\\studio\\ASC.Web.Studio\\Products\\Community
		SccProjectUniqueName29 = web\\studio\\ASC.Web.Studio\\Products\\Community\\Modules\\Blogs\\ASC.Web.Community.Blogs.csproj
		SccProjectTopLevelParentUniqueName29 = TeamLab.sln
		SccProjectName29 = web/studio/ASC.Web.Studio/Products/Community/Modules/Blogs
		SccLocalPath29 = web\\studio\\ASC.Web.Studio\\Products\\Community\\Modules\\Blogs
		SccProjectUniqueName30 = web\\studio\\ASC.Web.Studio\\Products\\Community\\Modules\\Bookmarking\\ASC.Web.Community.Bookmarking.csproj
		SccProjectTopLevelParentUniqueName30 = TeamLab.sln
		SccProjectName30 = web/studio/ASC.Web.Studio/Products/Community/Modules/Bookmarking
		SccLocalPath30 = web\\studio\\ASC.Web.Studio\\Products\\Community\\Modules\\Bookmarking
		SccProjectUniqueName31 = web\\studio\\ASC.Web.Studio\\Products\\Community\\Modules\\Forum\\ASC.Web.Community.Forum.csproj
		SccProjectTopLevelParentUniqueName31 = TeamLab.sln
		SccProjectName31 = web/studio/ASC.Web.Studio/Products/Community/Modules/Forum
		SccLocalPath31 = web\\studio\\ASC.Web.Studio\\Products\\Community\\Modules\\Forum
		SccProjectUniqueName32 = web\\studio\\ASC.Web.Studio\\Products\\Community\\Modules\\News\\ASC.Web.Community.News.csproj
		SccProjectTopLevelParentUniqueName32 = TeamLab.sln
		SccProjectName32 = web/studio/ASC.Web.Studio/Products/Community/Modules/News
		SccLocalPath32 = web\\studio\\ASC.Web.Studio\\Products\\Community\\Modules\\News
		SccProjectUniqueName33 = web\\studio\\ASC.Web.Studio\\Products\\Community\\Modules\\PhotoManager\\ASC.Web.Community.PhotoManager.csproj
		SccProjectTopLevelParentUniqueName33 = TeamLab.sln
		SccProjectName33 = web/studio/ASC.Web.Studio/Products/Community/Modules/PhotoManager
		SccLocalPath33 = web\\studio\\ASC.Web.Studio\\Products\\Community\\Modules\\PhotoManager
		SccProjectUniqueName34 = web\\studio\\ASC.Web.Studio\\Products\\Community\\Modules\\Wiki\\ASC.Web.Community.Wiki.csproj
		SccProjectTopLevelParentUniqueName34 = TeamLab.sln
		SccProjectName34 = web/studio/ASC.Web.Studio/Products/Community/Modules/Wiki
		SccLocalPath34 = web\\studio\\ASC.Web.Studio\\Products\\Community\\Modules\\Wiki
		SccProjectUniqueName35 = web\\studio\\ASC.Web.Studio\\Products\\Files\\ASC.Web.Files.csproj
		SccProjectTopLevelParentUniqueName35 = TeamLab.sln
		SccProjectName35 = web/studio/ASC.Web.Studio/Products/Files
		SccLocalPath35 = web\\studio\\ASC.Web.Studio\\Products\\Files
		SccProjectUniqueName36 = web\\studio\\ASC.Web.Studio\\Products\\Projects\\ASC.Web.Projects.csproj
		SccProjectTopLevelParentUniqueName36 = TeamLab.sln
		SccProjectName36 = web/studio/ASC.Web.Studio/Products/Projects
		SccLocalPath36 = web\\studio\\ASC.Web.Studio\\Products\\Projects
	EndGlobalSection
EndGlobal
